// !$*UTF8*$!
{
	archiveVersion = 1;
	classes = {
	};
	objectVersion = 56;
	objects = {

/* Begin PBXBuildFile section */
		C8E3B99128E5067C0011B2A6 /* RestartApp.swift in Sources */ = {isa = PBXBuildFile; fileRef = C8E3B99028E5067C0011B2A6 /* RestartApp.swift */; };
		C8E3B99328E5067C0011B2A6 /* ContentView.swift in Sources */ = {isa = PBXBuildFile; fileRef = C8E3B99228E5067C0011B2A6 /* ContentView.swift */; };
		C8E3B99528E5067E0011B2A6 /* Assets.xcassets in Resources */ = {isa = PBXBuildFile; fileRef = C8E3B99428E5067E0011B2A6 /* Assets.xcassets */; };
		C8E3B99828E5067E0011B2A6 /* Preview Assets.xcassets in Resources */ = {isa = PBXBuildFile; fileRef = C8E3B99728E5067E0011B2A6 /* Preview Assets.xcassets */; };
		C8E3B9A028E508140011B2A6 /* success.m4a in Resources */ = {isa = PBXBuildFile; fileRef = C8E3B99E28E508140011B2A6 /* success.m4a */; };
		C8E3B9A128E508140011B2A6 /* chimeup.mp3 in Resources */ = {isa = PBXBuildFile; fileRef = C8E3B99F28E508140011B2A6 /* chimeup.mp3 */; };
		C8E3B9A928E51ADA0011B2A6 /* OnboardingView.swift in Sources */ = {isa = PBXBuildFile; fileRef = C8E3B9A828E51ADA0011B2A6 /* OnboardingView.swift */; };
		C8E3B9AB28E51AEA0011B2A6 /* HomeView.swift in Sources */ = {isa = PBXBuildFile; fileRef = C8E3B9AA28E51AEA0011B2A6 /* HomeView.swift */; };
		C8E3B9AD28E52A670011B2A6 /* teste.swift in Sources */ = {isa = PBXBuildFile; fileRef = C8E3B9AC28E52A670011B2A6 /* teste.swift */; };
		C8F0EEE728E61165009065E0 /* CircleGroupView.swift in Sources */ = {isa = PBXBuildFile; fileRef = C8F0EEE628E61165009065E0 /* CircleGroupView.swift */; };
		C8F0EEED28E66D37009065E0 /* AudioPlayer.swift in Sources */ = {isa = PBXBuildFile; fileRef = C8F0EEEC28E66D37009065E0 /* AudioPlayer.swift */; };
/* End PBXBuildFile section */

/* Begin PBXFileReference section */
		C8E3B98D28E5067C0011B2A6 /* Restart.app */ = {isa = PBXFileReference; explicitFileType = wrapper.application; includeInIndex = 0; path = Restart.app; sourceTree = BUILT_PRODUCTS_DIR; };
		C8E3B99028E5067C0011B2A6 /* RestartApp.swift */ = {isa = PBXFileReference; lastKnownFileType = sourcecode.swift; path = RestartApp.swift; sourceTree = "<group>"; };
		C8E3B99228E5067C0011B2A6 /* ContentView.swift */ = {isa = PBXFileReference; lastKnownFileType = sourcecode.swift; path = ContentView.swift; sourceTree = "<group>"; };
		C8E3B99428E5067E0011B2A6 /* Assets.xcassets */ = {isa = PBXFileReference; lastKnownFileType = folder.assetcatalog; path = Assets.xcassets; sourceTree = "<group>"; };
		C8E3B99728E5067E0011B2A6 /* Preview Assets.xcassets */ = {isa = PBXFileReference; lastKnownFileType = folder.assetcatalog; path = "Preview Assets.xcassets"; sourceTree = "<group>"; };
		C8E3B99E28E508140011B2A6 /* success.m4a */ = {isa = PBXFileReference; lastKnownFileType = file; path = success.m4a; sourceTree = "<group>"; };
		C8E3B99F28E508140011B2A6 /* chimeup.mp3 */ = {isa = PBXFileReference; lastKnownFileType = audio.mp3; path = chimeup.mp3; sourceTree = "<group>"; };
		C8E3B9A728E516640011B2A6 /* Info.plist */ = {isa = PBXFileReference; lastKnownFileType = text.plist; path = Info.plist; sourceTree = "<group>"; };
		C8E3B9A828E51ADA0011B2A6 /* OnboardingView.swift */ = {isa = PBXFileReference; lastKnownFileType = sourcecode.swift; path = OnboardingView.swift; sourceTree = "<group>"; };
		C8E3B9AA28E51AEA0011B2A6 /* HomeView.swift */ = {isa = PBXFileReference; lastKnownFileType = sourcecode.swift; path = HomeView.swift; sourceTree = "<group>"; };
		C8E3B9AC28E52A670011B2A6 /* teste.swift */ = {isa = PBXFileReference; lastKnownFileType = sourcecode.swift; path = teste.swift; sourceTree = "<group>"; };
		C8F0EEE628E61165009065E0 /* CircleGroupView.swift */ = {isa = PBXFileReference; lastKnownFileType = sourcecode.swift; path = CircleGroupView.swift; sourceTree = "<group>"; };
		C8F0EEEC28E66D37009065E0 /* AudioPlayer.swift */ = {isa = PBXFileReference; lastKnownFileType = sourcecode.swift; path = AudioPlayer.swift; sourceTree = "<group>"; };
/* End PBXFileReference section */

/* Begin PBXFrameworksBuildPhase section */
		C8E3B98A28E5067C0011B2A6 /* Frameworks */ = {
			isa = PBXFrameworksBuildPhase;
			buildActionMask = 2147483647;
			files = (
			);
			runOnlyForDeploymentPostprocessing = 0;
		};
/* End PBXFrameworksBuildPhase section */

/* Begin PBXGroup section */
		C8E3B98428E5067B0011B2A6 = {
			isa = PBXGroup;
			children = (
				C8E3B98F28E5067C0011B2A6 /* Restart */,
				C8E3B98E28E5067C0011B2A6 /* Products */,
			);
			sourceTree = "<group>";
		};
		C8E3B98E28E5067C0011B2A6 /* Products */ = {
			isa = PBXGroup;
			children = (
				C8E3B98D28E5067C0011B2A6 /* Restart.app */,
			);
			name = Products;
			sourceTree = "<group>";
		};
		C8E3B98F28E5067C0011B2A6 /* Restart */ = {
			isa = PBXGroup;
			children = (
				C8E3B9A728E516640011B2A6 /* Info.plist */,
				C8E3B9A628E514E70011B2A6 /* Utilities */,
				C8E3B9A528E514CB0011B2A6 /* Screens */,
				C8E3B99028E5067C0011B2A6 /* RestartApp.swift */,
				C8E3B9A328E5149D0011B2A6 /* Views */,
				C8E3B99428E5067E0011B2A6 /* Assets.xcassets */,
				C8E3B9A228E508200011B2A6 /* Sounds */,
				C8E3B99628E5067E0011B2A6 /* Preview Content */,
			);
			path = Restart;
			sourceTree = "<group>";
		};
		C8E3B99628E5067E0011B2A6 /* Preview Content */ = {
			isa = PBXGroup;
			children = (
				C8E3B99728E5067E0011B2A6 /* Preview Assets.xcassets */,
			);
			path = "Preview Content";
			sourceTree = "<group>";
		};
		C8E3B9A228E508200011B2A6 /* Sounds */ = {
			isa = PBXGroup;
			children = (
				C8E3B99F28E508140011B2A6 /* chimeup.mp3 */,
				C8E3B99E28E508140011B2A6 /* success.m4a */,
			);
			name = Sounds;
			sourceTree = "<group>";
		};
		C8E3B9A328E5149D0011B2A6 /* Views */ = {
			isa = PBXGroup;
			children = (
				C8F0EEE628E61165009065E0 /* CircleGroupView.swift */,
			);
			name = Views;
			sourceTree = "<group>";
		};
		C8E3B9A528E514CB0011B2A6 /* Screens */ = {
			isa = PBXGroup;
			children = (
				C8E3B99228E5067C0011B2A6 /* ContentView.swift */,
				C8E3B9A828E51ADA0011B2A6 /* OnboardingView.swift */,
				C8E3B9AA28E51AEA0011B2A6 /* HomeView.swift */,
				C8E3B9AC28E52A670011B2A6 /* teste.swift */,
			);
			name = Screens;
			sourceTree = "<group>";
		};
		C8E3B9A628E514E70011B2A6 /* Utilities */ = {
			isa = PBXGroup;
			children = (
				C8F0EEEC28E66D37009065E0 /* AudioPlayer.swift */,
			);
			name = Utilities;
			sourceTree = "<group>";
		};
/* End PBXGroup section */

/* Begin PBXNativeTarget section */
		C8E3B98C28E5067C0011B2A6 /* Restart */ = {
			isa = PBXNativeTarget;
			buildConfigurationList = C8E3B99B28E5067E0011B2A6 /* Build configuration list for PBXNativeTarget "Restart" */;
			buildPhases = (
				C8E3B98928E5067C0011B2A6 /* Sources */,
				C8E3B98A28E5067C0011B2A6 /* Frameworks */,
				C8E3B98B28E5067C0011B2A6 /* Resources */,
			);
			buildRules = (
			);
			dependencies = (
			);
			name = Restart;
			productName = Restart;
			productReference = C8E3B98D28E5067C0011B2A6 /* Restart.app */;
			productType = "com.apple.product-type.application";
		};
/* End PBXNativeTarget section */

/* Begin PBXProject section */
		C8E3B98528E5067B0011B2A6 /* Project object */ = {
			isa = PBXProject;
			attributes = {
				BuildIndependentTargetsInParallel = 1;
				LastSwiftUpdateCheck = 1400;
				LastUpgradeCheck = 1400;
				TargetAttributes = {
					C8E3B98C28E5067C0011B2A6 = {
						CreatedOnToolsVersion = 14.0.1;
					};
				};
			};
			buildConfigurationList = C8E3B98828E5067B0011B2A6 /* Build configuration list for PBXProject "Restart" */;
			compatibilityVersion = "Xcode 14.0";
			developmentRegion = en;
			hasScannedForEncodings = 0;
			knownRegions = (
				en,
				Base,
			);
			mainGroup = C8E3B98428E5067B0011B2A6;
			productRefGroup = C8E3B98E28E5067C0011B2A6 /* Products */;
			projectDirPath = "";
			projectRoot = "";
			targets = (
				C8E3B98C28E5067C0011B2A6 /* Restart */,
			);
		};
/* End PBXProject section */

/* Begin PBXResourcesBuildPhase section */
		C8E3B98B28E5067C0011B2A6 /* Resources */ = {
			isa = PBXResourcesBuildPhase;
			buildActionMask = 2147483647;
			files = (
				C8E3B9A128E508140011B2A6 /* chimeup.mp3 in Resources */,
				C8E3B99828E5067E0011B2A6 /* Preview Assets.xcassets in Resources */,
				C8E3B9A028E508140011B2A6 /* success.m4a in Resources */,
				C8E3B99528E5067E0011B2A6 /* Assets.xcassets in Resources */,
			);
			runOnlyForDeploymentPostprocessing = 0;
		};
/* End PBXResourcesBuildPhase section */

/* Begin PBXSourcesBuildPhase section */
		C8E3B98928E5067C0011B2A6 /* Sources */ = {
			isa = PBXSourcesBuildPhase;
			buildActionMask = 2147483647;
			files = (
				C8E3B9A928E51ADA0011B2A6 /* OnboardingView.swift in Sources */,
				C8E3B9AB28E51AEA0011B2A6 /* HomeView.swift in Sources */,
				C8E3B9AD28E52A670011B2A6 /* teste.swift in Sources */,
				C8E3B99328E5067C0011B2A6 /* ContentView.swift in Sources */,
				C8F0EEE728E61165009065E0 /* CircleGroupView.swift in Sources */,
				C8E3B99128E5067C0011B2A6 /* RestartApp.swift in Sources */,
				C8F0EEED28E66D37009065E0 /* AudioPlayer.swift in Sources */,
			);
			runOnlyForDeploymentPostprocessing = 0;
		};
/* End PBXSourcesBuildPhase section */

/* Begin XCBuildConfiguration section */
		C8E3B99928E5067E0011B2A6 /* Debug */ = {
			isa = XCBuildConfiguration;
			buildSettings = {
				ALWAYS_SEARCH_USER_PATHS = NO;
				CLANG_ANALYZER_NONNULL = YES;
				CLANG_ANALYZER_NUMBER_OBJECT_CONVERSION = YES_AGGRESSIVE;
				CLANG_CXX_LANGUAGE_STANDARD = "gnu++20";
				CLANG_ENABLE_MODULES = YES;
				CLANG_ENABLE_OBJC_ARC = YES;
				CLANG_ENABLE_OBJC_WEAK = YES;
				CLANG_WARN_BLOCK_CAPTURE_AUTORELEASING = YES;
				CLANG_WARN_BOOL_CONVERSION = YES;
				CLANG_WARN_COMMA = YES;
				CLANG_WARN_CONSTANT_CONVERSION = YES;
				CLANG_WARN_DEPRECATED_OBJC_IMPLEMENTATIONS = YES;
				CLANG_WARN_DIRECT_OBJC_ISA_USAGE = YES_ERROR;
				CLANG_WARN_DOCUMENTATION_COMMENTS = YES;
				CLANG_WARN_EMPTY_BODY = YES;
				CLANG_WARN_ENUM_CONVERSION = YES;
				CLANG_WARN_INFINITE_RECURSION = YES;
				CLANG_WARN_INT_CONVERSION = YES;
				CLANG_WARN_NON_LITERAL_NULL_CONVERSION = YES;
				CLANG_WARN_OBJC_IMPLICIT_RETAIN_SELF = YES;
				CLANG_WARN_OBJC_LITERAL_CONVERSION = YES;
				CLANG_WARN_OBJC_ROOT_CLASS = YES_ERROR;
				CLANG_WARN_QUOTED_INCLUDE_IN_FRAMEWORK_HEADER = YES;
				CLANG_WARN_RANGE_LOOP_ANALYSIS = YES;
				CLANG_WARN_STRICT_PROTOTYPES = YES;
				CLANG_WARN_SUSPICIOUS_MOVE = YES;
				CLANG_WARN_UNGUARDED_AVAILABILITY = YES_AGGRESSIVE;
				CLANG_WARN_UNREACHABLE_CODE = YES;
				CLANG_WARN__DUPLICATE_METHOD_MATCH = YES;
				COPY_PHASE_STRIP = NO;
				DEBUG_INFORMATION_FORMAT = dwarf;
				ENABLE_STRICT_OBJC_MSGSEND = YES;
				ENABLE_TESTABILITY = YES;
				GCC_C_LANGUAGE_STANDARD = gnu11;
				GCC_DYNAMIC_NO_PIC = NO;
				GCC_NO_COMMON_BLOCKS = YES;
				GCC_OPTIMIZATION_LEVEL = 0;
				GCC_PREPROCESSOR_DEFINITIONS = (
					"DEBUG=1",
					"$(inherited)",
				);
				GCC_WARN_64_TO_32_BIT_CONVERSION = YES;
				GCC_WARN_ABOUT_RETURN_TYPE = YES_ERROR;
				GCC_WARN_UNDECLARED_SELECTOR = YES;
				GCC_WARN_UNINITIALIZED_AUTOS = YES_AGGRESSIVE;
				GCC_WARN_UNUSED_FUNCTION = YES;
				GCC_WARN_UNUSED_VARIABLE = YES;
				IPHONEOS_DEPLOYMENT_TARGET = 16.0;
				MTL_ENABLE_DEBUG_INFO = INCLUDE_SOURCE;
				MTL_FAST_MATH = YES;
				ONLY_ACTIVE_ARCH = YES;
				SDKROOT = iphoneos;
				SWIFT_ACTIVE_COMPILATION_CONDITIONS = DEBUG;
				SWIFT_OPTIMIZATION_LEVEL = "-Onone";
			};
			name = Debug;
		};
		C8E3B99A28E5067E0011B2A6 /* Release */ = {
			isa = XCBuildConfiguration;
			buildSettings = {
				ALWAYS_SEARCH_USER_PATHS = NO;
				CLANG_ANALYZER_NONNULL = YES;
				CLANG_ANALYZER_NUMBER_OBJECT_CONVERSION = YES_AGGRESSIVE;
				CLANG_CXX_LANGUAGE_STANDARD = "gnu++20";
				CLANG_ENABLE_MODULES = YES;
				CLANG_ENABLE_OBJC_ARC = YES;
				CLANG_ENABLE_OBJC_WEAK = YES;
				CLANG_WARN_BLOCK_CAPTURE_AUTORELEASING = YES;
				CLANG_WARN_BOOL_CONVERSION = YES;
				CLANG_WARN_COMMA = YES;
				CLANG_WARN_CONSTANT_CONVERSION = YES;
				CLANG_WARN_DEPRECATED_OBJC_IMPLEMENTATIONS = YES;
				CLANG_WARN_DIRECT_OBJC_ISA_USAGE = YES_ERROR;
				CLANG_WARN_DOCUMENTATION_COMMENTS = YES;
				CLANG_WARN_EMPTY_BODY = YES;
				CLANG_WARN_ENUM_CONVERSION = YES;
				CLANG_WARN_INFINITE_RECURSION = YES;
				CLANG_WARN_INT_CONVERSION = YES;
				CLANG_WARN_NON_LITERAL_NULL_CONVERSION = YES;
				CLANG_WARN_OBJC_IMPLICIT_RETAIN_SELF = YES;
				CLANG_WARN_OBJC_LITERAL_CONVERSION = YES;
				CLANG_WARN_OBJC_ROOT_CLASS = YES_ERROR;
				CLANG_WARN_QUOTED_INCLUDE_IN_FRAMEWORK_HEADER = YES;
				CLANG_WARN_RANGE_LOOP_ANALYSIS = YES;
				CLANG_WARN_STRICT_PROTOTYPES = YES;
				CLANG_WARN_SUSPICIOUS_MOVE = YES;
				CLANG_WARN_UNGUARDED_AVAILABILITY = YES_AGGRESSIVE;
				CLANG_WARN_UNREACHABLE_CODE = YES;
				CLANG_WARN__DUPLICATE_METHOD_MATCH = YES;
				COPY_PHASE_STRIP = NO;
				DEBUG_INFORMATION_FORMAT = "dwarf-with-dsym";
				ENABLE_NS_ASSERTIONS = NO;
				ENABLE_STRICT_OBJC_MSGSEND = YES;
				GCC_C_LANGUAGE_STANDARD = gnu11;
				GCC_NO_COMMON_BLOCKS = YES;
				GCC_WARN_64_TO_32_BIT_CONVERSION = YES;
				GCC_WARN_ABOUT_RETURN_TYPE = YES_ERROR;
				GCC_WARN_UNDECLARED_SELECTOR = YES;
				GCC_WARN_UNINITIALIZED_AUTOS = YES_AGGRESSIVE;
				GCC_WARN_UNUSED_FUNCTION = YES;
				GCC_WARN_UNUSED_VARIABLE = YES;
				IPHONEOS_DEPLOYMENT_TARGET = 16.0;
				MTL_ENABLE_DEBUG_INFO = NO;
				MTL_FAST_MATH = YES;
				SDKROOT = iphoneos;
				SWIFT_COMPILATION_MODE = wholemodule;
				SWIFT_OPTIMIZATION_LEVEL = "-O";
				VALIDATE_PRODUCT = YES;
			};
			name = Release;
		};
		C8E3B99C28E5067E0011B2A6 /* Debug */ = {
			isa = XCBuildConfiguration;
			buildSettings = {
				ASSETCATALOG_COMPILER_APPICON_NAME = AppIcon;
				ASSETCATALOG_COMPILER_GLOBAL_ACCENT_COLOR_NAME = AccentColor;
				CODE_SIGN_STYLE = Automatic;
				CURRENT_PROJECT_VERSION = 1;
				DEVELOPMENT_ASSET_PATHS = "\"Restart/Preview Content\"";
				DEVELOPMENT_TEAM = U33WKC9322;
				ENABLE_PREVIEWS = YES;
				GENERATE_INFOPLIST_FILE = YES;
				INFOPLIST_FILE = Restart/Info.plist;
				INFOPLIST_KEY_UIApplicationSceneManifest_Generation = YES;
				INFOPLIST_KEY_UIApplicationSupportsIndirectInputEvents = YES;
				INFOPLIST_KEY_UISupportedInterfaceOrientations_iPad = "UIInterfaceOrientationPortrait UIInterfaceOrientationPortraitUpsideDown UIInterfaceOrientationLandscapeLeft UIInterfaceOrientationLandscapeRight";
				INFOPLIST_KEY_UISupportedInterfaceOrientations_iPhone = UIInterfaceOrientationPortrait;
				IPHONEOS_DEPLOYMENT_TARGET = 15.0;
				LD_RUNPATH_SEARCH_PATHS = (
					"$(inherited)",
					"@executable_path/Frameworks",
				);
				MARKETING_VERSION = 1.0;
				PRODUCT_BUNDLE_IDENTIFIER = DSouza.Restart;
				PRODUCT_NAME = "$(TARGET_NAME)";
				SWIFT_EMIT_LOC_STRINGS = YES;
				SWIFT_VERSION = 5.0;
				TARGETED_DEVICE_FAMILY = "1,2";
			};
			name = Debug;
		};
		C8E3B99D28E5067E0011B2A6 /* Release */ = {
			isa = XCBuildConfiguration;
			buildSettings = {
				ASSETCATALOG_COMPILER_APPICON_NAME = AppIcon;
				ASSETCATALOG_COMPILER_GLOBAL_ACCENT_COLOR_NAME = AccentColor;
				CODE_SIGN_STYLE = Automatic;
				CURRENT_PROJECT_VERSION = 1;
				DEVELOPMENT_ASSET_PATHS = "\"Restart/Preview Content\"";
				DEVELOPMENT_TEAM = U33WKC9322;
				ENABLE_PREVIEWS = YES;
				GENERATE_INFOPLIST_FILE = YES;
				INFOPLIST_FILE = Restart/Info.plist;
				INFOPLIST_KEY_UIApplicationSceneManifest_Generation = YES;
				INFOPLIST_KEY_UIApplicationSupportsIndirectInputEvents = YES;
				INFOPLIST_KEY_UISupportedInterfaceOrientations_iPad = "UIInterfaceOrientationPortrait UIInterfaceOrientationPortraitUpsideDown UIInterfaceOrientationLandscapeLeft UIInterfaceOrientationLandscapeRight";
				INFOPLIST_KEY_UISupportedInterfaceOrientations_iPhone = UIInterfaceOrientationPortrait;
				IPHONEOS_DEPLOYMENT_TARGET = 15.0;
				LD_RUNPATH_SEARCH_PATHS = (
					"$(inherited)",
					"@executable_path/Frameworks",
				);
				MARKETING_VERSION = 1.0;
				PRODUCT_BUNDLE_IDENTIFIER = DSouza.Restart;
				PRODUCT_NAME = "$(TARGET_NAME)";
				SWIFT_EMIT_LOC_STRINGS = YES;
				SWIFT_VERSION = 5.0;
				TARGETED_DEVICE_FAMILY = "1,2";
			};
			name = Release;
		};
/* End XCBuildConfiguration section */

/* Begin XCConfigurationList section */
		C8E3B98828E5067B0011B2A6 /* Build configuration list for PBXProject "Restart" */ = {
			isa = XCConfigurationList;
			buildConfigurations = (
				C8E3B99928E5067E0011B2A6 /* Debug */,
				C8E3B99A28E5067E0011B2A6 /* Release */,
			);
			defaultConfigurationIsVisible = 0;
			defaultConfigurationName = Release;
		};
		C8E3B99B28E5067E0011B2A6 /* Build configuration list for PBXNativeTarget "Restart" */ = {
			isa = XCConfigurationList;
			buildConfigurations = (
				C8E3B99C28E5067E0011B2A6 /* Debug */,
				C8E3B99D28E5067E0011B2A6 /* Release */,
			);
			defaultConfigurationIsVisible = 0;
			defaultConfigurationName = Release;
		};
/* End XCConfigurationList section */
	};
	rootObject = C8E3B98528E5067B0011B2A6 /* Project object */;
}
