// !$*UTF8*$!
{
	archiveVersion = 1;
	classes = {
	};
	objectVersion = 56;
	objects = {

/* Begin PBXBuildFile section */
		C82D837C28ECAC8F0074585F /* StartButtonView.swift in Sources */ = {isa = PBXBuildFile; fileRef = C82D837B28ECAC8E0074585F /* StartButtonView.swift */; };
		C82D837E28ECB0690074585F /* OnboardingView.swift in Sources */ = {isa = PBXBuildFile; fileRef = C82D837D28ECB0690074585F /* OnboardingView.swift */; };
		C82D838228ECC95B0074585F /* FruitModel.swift in Sources */ = {isa = PBXBuildFile; fileRef = C82D838128ECC95B0074585F /* FruitModel.swift */; };
		C82D838428ECCB7E0074585F /* FruitData.swift in Sources */ = {isa = PBXBuildFile; fileRef = C82D838328ECCB7E0074585F /* FruitData.swift */; };
		C82D838628ECE31F0074585F /* FruitRowView.swift in Sources */ = {isa = PBXBuildFile; fileRef = C82D838528ECE31F0074585F /* FruitRowView.swift */; };
		C82D838828EDC5650074585F /* FruitDetailView.swift in Sources */ = {isa = PBXBuildFile; fileRef = C82D838728EDC5650074585F /* FruitDetailView.swift */; };
		C82D838A28EDE4CC0074585F /* FullHeaderView.swift in Sources */ = {isa = PBXBuildFile; fileRef = C82D838928EDE4CC0074585F /* FullHeaderView.swift */; };
		C82D838C28EDEF4F0074585F /* SourceLinkView.swift in Sources */ = {isa = PBXBuildFile; fileRef = C82D838B28EDEF4F0074585F /* SourceLinkView.swift */; };
		C82D838E28EDFA170074585F /* FruitNutrientsView.swift in Sources */ = {isa = PBXBuildFile; fileRef = C82D838D28EDFA170074585F /* FruitNutrientsView.swift */; };
		C82D839028EE01230074585F /* SettingsView.swift in Sources */ = {isa = PBXBuildFile; fileRef = C82D838F28EE01230074585F /* SettingsView.swift */; };
		C82D839228EE08DF0074585F /* SettingsLabelView.swift in Sources */ = {isa = PBXBuildFile; fileRef = C82D839128EE08DF0074585F /* SettingsLabelView.swift */; };
		C82D839428EE18FE0074585F /* SettingsRowView.swift in Sources */ = {isa = PBXBuildFile; fileRef = C82D839328EE18FE0074585F /* SettingsRowView.swift */; };
		C894763828ECA181006077A9 /* FructusApp.swift in Sources */ = {isa = PBXBuildFile; fileRef = C894763728ECA181006077A9 /* FructusApp.swift */; };
		C894763A28ECA181006077A9 /* ContentView.swift in Sources */ = {isa = PBXBuildFile; fileRef = C894763928ECA181006077A9 /* ContentView.swift */; };
		C894763C28ECA184006077A9 /* Assets.xcassets in Resources */ = {isa = PBXBuildFile; fileRef = C894763B28ECA184006077A9 /* Assets.xcassets */; };
		C894763F28ECA184006077A9 /* Preview Assets.xcassets in Resources */ = {isa = PBXBuildFile; fileRef = C894763E28ECA184006077A9 /* Preview Assets.xcassets */; };
		C894764828ECA695006077A9 /* FruitCardView.swift in Sources */ = {isa = PBXBuildFile; fileRef = C894764728ECA695006077A9 /* FruitCardView.swift */; };
/* End PBXBuildFile section */

/* Begin PBXFileReference section */
		C82D837B28ECAC8E0074585F /* StartButtonView.swift */ = {isa = PBXFileReference; lastKnownFileType = sourcecode.swift; path = StartButtonView.swift; sourceTree = "<group>"; };
		C82D837D28ECB0690074585F /* OnboardingView.swift */ = {isa = PBXFileReference; lastKnownFileType = sourcecode.swift; path = OnboardingView.swift; sourceTree = "<group>"; };
		C82D838128ECC95B0074585F /* FruitModel.swift */ = {isa = PBXFileReference; lastKnownFileType = sourcecode.swift; path = FruitModel.swift; sourceTree = "<group>"; };
		C82D838328ECCB7E0074585F /* FruitData.swift */ = {isa = PBXFileReference; lastKnownFileType = sourcecode.swift; path = FruitData.swift; sourceTree = "<group>"; };
		C82D838528ECE31F0074585F /* FruitRowView.swift */ = {isa = PBXFileReference; lastKnownFileType = sourcecode.swift; path = FruitRowView.swift; sourceTree = "<group>"; };
		C82D838728EDC5650074585F /* FruitDetailView.swift */ = {isa = PBXFileReference; lastKnownFileType = sourcecode.swift; path = FruitDetailView.swift; sourceTree = "<group>"; };
		C82D838928EDE4CC0074585F /* FullHeaderView.swift */ = {isa = PBXFileReference; lastKnownFileType = sourcecode.swift; path = FullHeaderView.swift; sourceTree = "<group>"; };
		C82D838B28EDEF4F0074585F /* SourceLinkView.swift */ = {isa = PBXFileReference; lastKnownFileType = sourcecode.swift; path = SourceLinkView.swift; sourceTree = "<group>"; };
		C82D838D28EDFA170074585F /* FruitNutrientsView.swift */ = {isa = PBXFileReference; lastKnownFileType = sourcecode.swift; path = FruitNutrientsView.swift; sourceTree = "<group>"; };
		C82D838F28EE01230074585F /* SettingsView.swift */ = {isa = PBXFileReference; lastKnownFileType = sourcecode.swift; path = SettingsView.swift; sourceTree = "<group>"; };
		C82D839128EE08DF0074585F /* SettingsLabelView.swift */ = {isa = PBXFileReference; lastKnownFileType = sourcecode.swift; path = SettingsLabelView.swift; sourceTree = "<group>"; };
		C82D839328EE18FE0074585F /* SettingsRowView.swift */ = {isa = PBXFileReference; lastKnownFileType = sourcecode.swift; path = SettingsRowView.swift; sourceTree = "<group>"; };
		C894763428ECA181006077A9 /* Fructus.app */ = {isa = PBXFileReference; explicitFileType = wrapper.application; includeInIndex = 0; path = Fructus.app; sourceTree = BUILT_PRODUCTS_DIR; };
		C894763728ECA181006077A9 /* FructusApp.swift */ = {isa = PBXFileReference; lastKnownFileType = sourcecode.swift; path = FructusApp.swift; sourceTree = "<group>"; };
		C894763928ECA181006077A9 /* ContentView.swift */ = {isa = PBXFileReference; lastKnownFileType = sourcecode.swift; path = ContentView.swift; sourceTree = "<group>"; };
		C894763B28ECA184006077A9 /* Assets.xcassets */ = {isa = PBXFileReference; lastKnownFileType = folder.assetcatalog; path = Assets.xcassets; sourceTree = "<group>"; };
		C894763E28ECA184006077A9 /* Preview Assets.xcassets */ = {isa = PBXFileReference; lastKnownFileType = folder.assetcatalog; path = "Preview Assets.xcassets"; sourceTree = "<group>"; };
		C894764728ECA695006077A9 /* FruitCardView.swift */ = {isa = PBXFileReference; lastKnownFileType = sourcecode.swift; path = FruitCardView.swift; sourceTree = "<group>"; };
/* End PBXFileReference section */

/* Begin PBXFrameworksBuildPhase section */
		C894763128ECA181006077A9 /* Frameworks */ = {
			isa = PBXFrameworksBuildPhase;
			buildActionMask = 2147483647;
			files = (
			);
			runOnlyForDeploymentPostprocessing = 0;
		};
/* End PBXFrameworksBuildPhase section */

/* Begin PBXGroup section */
		C82D837F28ECC93D0074585F /* Model */ = {
			isa = PBXGroup;
			children = (
				C82D838128ECC95B0074585F /* FruitModel.swift */,
			);
			path = Model;
			sourceTree = "<group>";
		};
		C82D838028ECC9490074585F /* Data */ = {
			isa = PBXGroup;
			children = (
				C82D838328ECCB7E0074585F /* FruitData.swift */,
			);
			path = Data;
			sourceTree = "<group>";
		};
		C894762B28ECA181006077A9 = {
			isa = PBXGroup;
			children = (
				C894763628ECA181006077A9 /* Fructus */,
				C894763528ECA181006077A9 /* Products */,
			);
			sourceTree = "<group>";
		};
		C894763528ECA181006077A9 /* Products */ = {
			isa = PBXGroup;
			children = (
				C894763428ECA181006077A9 /* Fructus.app */,
			);
			name = Products;
			sourceTree = "<group>";
		};
		C894763628ECA181006077A9 /* Fructus */ = {
			isa = PBXGroup;
			children = (
				C82D838028ECC9490074585F /* Data */,
				C82D837F28ECC93D0074585F /* Model */,
				C894764628ECA66A006077A9 /* View */,
				C894764528ECA63A006077A9 /* App */,
				C894763B28ECA184006077A9 /* Assets.xcassets */,
				C894763D28ECA184006077A9 /* Preview Content */,
			);
			path = Fructus;
			sourceTree = "<group>";
		};
		C894763D28ECA184006077A9 /* Preview Content */ = {
			isa = PBXGroup;
			children = (
				C894763E28ECA184006077A9 /* Preview Assets.xcassets */,
			);
			path = "Preview Content";
			sourceTree = "<group>";
		};
		C894764528ECA63A006077A9 /* App */ = {
			isa = PBXGroup;
			children = (
				C894763928ECA181006077A9 /* ContentView.swift */,
				C894763728ECA181006077A9 /* FructusApp.swift */,
				C82D837D28ECB0690074585F /* OnboardingView.swift */,
				C82D838728EDC5650074585F /* FruitDetailView.swift */,
				C82D838F28EE01230074585F /* SettingsView.swift */,
			);
			path = App;
			sourceTree = "<group>";
		};
		C894764628ECA66A006077A9 /* View */ = {
			isa = PBXGroup;
			children = (
				C894764728ECA695006077A9 /* FruitCardView.swift */,
				C82D837B28ECAC8E0074585F /* StartButtonView.swift */,
				C82D838B28EDEF4F0074585F /* SourceLinkView.swift */,
				C82D838528ECE31F0074585F /* FruitRowView.swift */,
				C82D838928EDE4CC0074585F /* FullHeaderView.swift */,
				C82D838D28EDFA170074585F /* FruitNutrientsView.swift */,
				C82D839128EE08DF0074585F /* SettingsLabelView.swift */,
				C82D839328EE18FE0074585F /* SettingsRowView.swift */,
			);
			path = View;
			sourceTree = "<group>";
		};
/* End PBXGroup section */

/* Begin PBXNativeTarget section */
		C894763328ECA181006077A9 /* Fructus */ = {
			isa = PBXNativeTarget;
			buildConfigurationList = C894764228ECA184006077A9 /* Build configuration list for PBXNativeTarget "Fructus" */;
			buildPhases = (
				C894763028ECA181006077A9 /* Sources */,
				C894763128ECA181006077A9 /* Frameworks */,
				C894763228ECA181006077A9 /* Resources */,
			);
			buildRules = (
			);
			dependencies = (
			);
			name = Fructus;
			productName = Fructus;
			productReference = C894763428ECA181006077A9 /* Fructus.app */;
			productType = "com.apple.product-type.application";
		};
/* End PBXNativeTarget section */

/* Begin PBXProject section */
		C894762C28ECA181006077A9 /* Project object */ = {
			isa = PBXProject;
			attributes = {
				BuildIndependentTargetsInParallel = 1;
				LastSwiftUpdateCheck = 1400;
				LastUpgradeCheck = 1400;
				TargetAttributes = {
					C894763328ECA181006077A9 = {
						CreatedOnToolsVersion = 14.0.1;
					};
				};
			};
			buildConfigurationList = C894762F28ECA181006077A9 /* Build configuration list for PBXProject "Fructus" */;
			compatibilityVersion = "Xcode 14.0";
			developmentRegion = en;
			hasScannedForEncodings = 0;
			knownRegions = (
				en,
				Base,
			);
			mainGroup = C894762B28ECA181006077A9;
			productRefGroup = C894763528ECA181006077A9 /* Products */;
			projectDirPath = "";
			projectRoot = "";
			targets = (
				C894763328ECA181006077A9 /* Fructus */,
			);
		};
/* End PBXProject section */

/* Begin PBXResourcesBuildPhase section */
		C894763228ECA181006077A9 /* Resources */ = {
			isa = PBXResourcesBuildPhase;
			buildActionMask = 2147483647;
			files = (
				C894763F28ECA184006077A9 /* Preview Assets.xcassets in Resources */,
				C894763C28ECA184006077A9 /* Assets.xcassets in Resources */,
			);
			runOnlyForDeploymentPostprocessing = 0;
		};
/* End PBXResourcesBuildPhase section */

/* Begin PBXSourcesBuildPhase section */
		C894763028ECA181006077A9 /* Sources */ = {
			isa = PBXSourcesBuildPhase;
			buildActionMask = 2147483647;
			files = (
				C82D838428ECCB7E0074585F /* FruitData.swift in Sources */,
				C82D838C28EDEF4F0074585F /* SourceLinkView.swift in Sources */,
				C82D839428EE18FE0074585F /* SettingsRowView.swift in Sources */,
				C894764828ECA695006077A9 /* FruitCardView.swift in Sources */,
				C82D838A28EDE4CC0074585F /* FullHeaderView.swift in Sources */,
				C82D838E28EDFA170074585F /* FruitNutrientsView.swift in Sources */,
				C82D838628ECE31F0074585F /* FruitRowView.swift in Sources */,
				C82D837C28ECAC8F0074585F /* StartButtonView.swift in Sources */,
				C82D838828EDC5650074585F /* FruitDetailView.swift in Sources */,
				C894763A28ECA181006077A9 /* ContentView.swift in Sources */,
				C82D837E28ECB0690074585F /* OnboardingView.swift in Sources */,
				C82D839228EE08DF0074585F /* SettingsLabelView.swift in Sources */,
				C82D838228ECC95B0074585F /* FruitModel.swift in Sources */,
				C894763828ECA181006077A9 /* FructusApp.swift in Sources */,
				C82D839028EE01230074585F /* SettingsView.swift in Sources */,
			);
			runOnlyForDeploymentPostprocessing = 0;
		};
/* End PBXSourcesBuildPhase section */

/* Begin XCBuildConfiguration section */
		C894764028ECA184006077A9 /* Debug */ = {
			isa = XCBuildConfiguration;
			buildSettings = {
				ALWAYS_SEARCH_USER_PATHS = NO;
				CLANG_ANALYZER_NONNULL = YES;
				CLANG_ANALYZER_NUMBER_OBJECT_CONVERSION = YES_AGGRESSIVE;
				CLANG_CXX_LANGUAGE_STANDARD = "gnu++20";
				CLANG_ENABLE_MODULES = YES;
				CLANG_ENABLE_OBJC_ARC = YES;
				CLANG_ENABLE_OBJC_WEAK = YES;
				CLANG_WARN_BLOCK_CAPTURE_AUTORELEASING = YES;
				CLANG_WARN_BOOL_CONVERSION = YES;
				CLANG_WARN_COMMA = YES;
				CLANG_WARN_CONSTANT_CONVERSION = YES;
				CLANG_WARN_DEPRECATED_OBJC_IMPLEMENTATIONS = YES;
				CLANG_WARN_DIRECT_OBJC_ISA_USAGE = YES_ERROR;
				CLANG_WARN_DOCUMENTATION_COMMENTS = YES;
				CLANG_WARN_EMPTY_BODY = YES;
				CLANG_WARN_ENUM_CONVERSION = YES;
				CLANG_WARN_INFINITE_RECURSION = YES;
				CLANG_WARN_INT_CONVERSION = YES;
				CLANG_WARN_NON_LITERAL_NULL_CONVERSION = YES;
				CLANG_WARN_OBJC_IMPLICIT_RETAIN_SELF = YES;
				CLANG_WARN_OBJC_LITERAL_CONVERSION = YES;
				CLANG_WARN_OBJC_ROOT_CLASS = YES_ERROR;
				CLANG_WARN_QUOTED_INCLUDE_IN_FRAMEWORK_HEADER = YES;
				CLANG_WARN_RANGE_LOOP_ANALYSIS = YES;
				CLANG_WARN_STRICT_PROTOTYPES = YES;
				CLANG_WARN_SUSPICIOUS_MOVE = YES;
				CLANG_WARN_UNGUARDED_AVAILABILITY = YES_AGGRESSIVE;
				CLANG_WARN_UNREACHABLE_CODE = YES;
				CLANG_WARN__DUPLICATE_METHOD_MATCH = YES;
				COPY_PHASE_STRIP = NO;
				DEBUG_INFORMATION_FORMAT = dwarf;
				ENABLE_STRICT_OBJC_MSGSEND = YES;
				ENABLE_TESTABILITY = YES;
				GCC_C_LANGUAGE_STANDARD = gnu11;
				GCC_DYNAMIC_NO_PIC = NO;
				GCC_NO_COMMON_BLOCKS = YES;
				GCC_OPTIMIZATION_LEVEL = 0;
				GCC_PREPROCESSOR_DEFINITIONS = (
					"DEBUG=1",
					"$(inherited)",
				);
				GCC_WARN_64_TO_32_BIT_CONVERSION = YES;
				GCC_WARN_ABOUT_RETURN_TYPE = YES_ERROR;
				GCC_WARN_UNDECLARED_SELECTOR = YES;
				GCC_WARN_UNINITIALIZED_AUTOS = YES_AGGRESSIVE;
				GCC_WARN_UNUSED_FUNCTION = YES;
				GCC_WARN_UNUSED_VARIABLE = YES;
				IPHONEOS_DEPLOYMENT_TARGET = 16.0;
				MTL_ENABLE_DEBUG_INFO = INCLUDE_SOURCE;
				MTL_FAST_MATH = YES;
				ONLY_ACTIVE_ARCH = YES;
				SDKROOT = iphoneos;
				SWIFT_ACTIVE_COMPILATION_CONDITIONS = DEBUG;
				SWIFT_OPTIMIZATION_LEVEL = "-Onone";
			};
			name = Debug;
		};
		C894764128ECA184006077A9 /* Release */ = {
			isa = XCBuildConfiguration;
			buildSettings = {
				ALWAYS_SEARCH_USER_PATHS = NO;
				CLANG_ANALYZER_NONNULL = YES;
				CLANG_ANALYZER_NUMBER_OBJECT_CONVERSION = YES_AGGRESSIVE;
				CLANG_CXX_LANGUAGE_STANDARD = "gnu++20";
				CLANG_ENABLE_MODULES = YES;
				CLANG_ENABLE_OBJC_ARC = YES;
				CLANG_ENABLE_OBJC_WEAK = YES;
				CLANG_WARN_BLOCK_CAPTURE_AUTORELEASING = YES;
				CLANG_WARN_BOOL_CONVERSION = YES;
				CLANG_WARN_COMMA = YES;
				CLANG_WARN_CONSTANT_CONVERSION = YES;
				CLANG_WARN_DEPRECATED_OBJC_IMPLEMENTATIONS = YES;
				CLANG_WARN_DIRECT_OBJC_ISA_USAGE = YES_ERROR;
				CLANG_WARN_DOCUMENTATION_COMMENTS = YES;
				CLANG_WARN_EMPTY_BODY = YES;
				CLANG_WARN_ENUM_CONVERSION = YES;
				CLANG_WARN_INFINITE_RECURSION = YES;
				CLANG_WARN_INT_CONVERSION = YES;
				CLANG_WARN_NON_LITERAL_NULL_CONVERSION = YES;
				CLANG_WARN_OBJC_IMPLICIT_RETAIN_SELF = YES;
				CLANG_WARN_OBJC_LITERAL_CONVERSION = YES;
				CLANG_WARN_OBJC_ROOT_CLASS = YES_ERROR;
				CLANG_WARN_QUOTED_INCLUDE_IN_FRAMEWORK_HEADER = YES;
				CLANG_WARN_RANGE_LOOP_ANALYSIS = YES;
				CLANG_WARN_STRICT_PROTOTYPES = YES;
				CLANG_WARN_SUSPICIOUS_MOVE = YES;
				CLANG_WARN_UNGUARDED_AVAILABILITY = YES_AGGRESSIVE;
				CLANG_WARN_UNREACHABLE_CODE = YES;
				CLANG_WARN__DUPLICATE_METHOD_MATCH = YES;
				COPY_PHASE_STRIP = NO;
				DEBUG_INFORMATION_FORMAT = "dwarf-with-dsym";
				ENABLE_NS_ASSERTIONS = NO;
				ENABLE_STRICT_OBJC_MSGSEND = YES;
				GCC_C_LANGUAGE_STANDARD = gnu11;
				GCC_NO_COMMON_BLOCKS = YES;
				GCC_WARN_64_TO_32_BIT_CONVERSION = YES;
				GCC_WARN_ABOUT_RETURN_TYPE = YES_ERROR;
				GCC_WARN_UNDECLARED_SELECTOR = YES;
				GCC_WARN_UNINITIALIZED_AUTOS = YES_AGGRESSIVE;
				GCC_WARN_UNUSED_FUNCTION = YES;
				GCC_WARN_UNUSED_VARIABLE = YES;
				IPHONEOS_DEPLOYMENT_TARGET = 16.0;
				MTL_ENABLE_DEBUG_INFO = NO;
				MTL_FAST_MATH = YES;
				SDKROOT = iphoneos;
				SWIFT_COMPILATION_MODE = wholemodule;
				SWIFT_OPTIMIZATION_LEVEL = "-O";
				VALIDATE_PRODUCT = YES;
			};
			name = Release;
		};
		C894764328ECA184006077A9 /* Debug */ = {
			isa = XCBuildConfiguration;
			buildSettings = {
				ASSETCATALOG_COMPILER_APPICON_NAME = AppIcon;
				ASSETCATALOG_COMPILER_GLOBAL_ACCENT_COLOR_NAME = AccentColor;
				CODE_SIGN_STYLE = Automatic;
				CURRENT_PROJECT_VERSION = 1;
				DEVELOPMENT_ASSET_PATHS = "\"Fructus/Preview Content\"";
				DEVELOPMENT_TEAM = U33WKC9322;
				ENABLE_PREVIEWS = YES;
				GENERATE_INFOPLIST_FILE = YES;
				INFOPLIST_KEY_UIApplicationSceneManifest_Generation = YES;
				INFOPLIST_KEY_UIApplicationSupportsIndirectInputEvents = YES;
				INFOPLIST_KEY_UILaunchScreen_Generation = YES;
				INFOPLIST_KEY_UISupportedInterfaceOrientations = UIInterfaceOrientationPortrait;
				INFOPLIST_KEY_UISupportedInterfaceOrientations_iPad = "UIInterfaceOrientationLandscapeLeft UIInterfaceOrientationLandscapeRight UIInterfaceOrientationPortrait UIInterfaceOrientationPortraitUpsideDown";
				LD_RUNPATH_SEARCH_PATHS = (
					"$(inherited)",
					"@executable_path/Frameworks",
				);
				MARKETING_VERSION = 1.0;
				PRODUCT_BUNDLE_IDENTIFIER = DSouza.Fructus;
				PRODUCT_NAME = "$(TARGET_NAME)";
				SWIFT_EMIT_LOC_STRINGS = YES;
				SWIFT_VERSION = 5.0;
				TARGETED_DEVICE_FAMILY = "1,2";
			};
			name = Debug;
		};
		C894764428ECA184006077A9 /* Release */ = {
			isa = XCBuildConfiguration;
			buildSettings = {
				ASSETCATALOG_COMPILER_APPICON_NAME = AppIcon;
				ASSETCATALOG_COMPILER_GLOBAL_ACCENT_COLOR_NAME = AccentColor;
				CODE_SIGN_STYLE = Automatic;
				CURRENT_PROJECT_VERSION = 1;
				DEVELOPMENT_ASSET_PATHS = "\"Fructus/Preview Content\"";
				DEVELOPMENT_TEAM = U33WKC9322;
				ENABLE_PREVIEWS = YES;
				GENERATE_INFOPLIST_FILE = YES;
				INFOPLIST_KEY_UIApplicationSceneManifest_Generation = YES;
				INFOPLIST_KEY_UIApplicationSupportsIndirectInputEvents = YES;
				INFOPLIST_KEY_UILaunchScreen_Generation = YES;
				INFOPLIST_KEY_UISupportedInterfaceOrientations = UIInterfaceOrientationPortrait;
				INFOPLIST_KEY_UISupportedInterfaceOrientations_iPad = "UIInterfaceOrientationLandscapeLeft UIInterfaceOrientationLandscapeRight UIInterfaceOrientationPortrait UIInterfaceOrientationPortraitUpsideDown";
				LD_RUNPATH_SEARCH_PATHS = (
					"$(inherited)",
					"@executable_path/Frameworks",
				);
				MARKETING_VERSION = 1.0;
				PRODUCT_BUNDLE_IDENTIFIER = DSouza.Fructus;
				PRODUCT_NAME = "$(TARGET_NAME)";
				SWIFT_EMIT_LOC_STRINGS = YES;
				SWIFT_VERSION = 5.0;
				TARGETED_DEVICE_FAMILY = "1,2";
			};
			name = Release;
		};
/* End XCBuildConfiguration section */

/* Begin XCConfigurationList section */
		C894762F28ECA181006077A9 /* Build configuration list for PBXProject "Fructus" */ = {
			isa = XCConfigurationList;
			buildConfigurations = (
				C894764028ECA184006077A9 /* Debug */,
				C894764128ECA184006077A9 /* Release */,
			);
			defaultConfigurationIsVisible = 0;
			defaultConfigurationName = Release;
		};
		C894764228ECA184006077A9 /* Build configuration list for PBXNativeTarget "Fructus" */ = {
			isa = XCConfigurationList;
			buildConfigurations = (
				C894764328ECA184006077A9 /* Debug */,
				C894764428ECA184006077A9 /* Release */,
			);
			defaultConfigurationIsVisible = 0;
			defaultConfigurationName = Release;
		};
/* End XCConfigurationList section */
	};
	rootObject = C894762C28ECA181006077A9 /* Project object */;
}
